
Microsoft Visual Studio Solution File, Format Version 12.00
# Visual Studio 15
VisualStudioVersion = 15.0.26124.0
MinimumVisualStudioVersion = 15.0.26124.0
Project("{FAE04EC0-301F-11D3-BF4B-00C04F79EFBC}") = "GUI", "GUI\GUI.csproj", "{89E3A560-874C-42DB-894E-7AC296C5820E}"
EndProject
Project("{FAE04EC0-301F-11D3-BF4B-00C04F79EFBC}") = "Datos", "Datos\Datos.csproj", "{7DA8D8F6-11D2-4F42-8CAA-2258ED5AD076}"
EndProject
Project("{FAE04EC0-301F-11D3-BF4B-00C04F79EFBC}") = "Logica", "Logica\Logica.csproj", "{AB5B1316-B342-4FE8-A97A-5B27093609D6}"
EndProject
Global
	GlobalSection(SolutionConfigurationPlatforms) = preSolution
		Debug|Any CPU = Debug|Any CPU
		Debug|x64 = Debug|x64
		Debug|x86 = Debug|x86
		Release|Any CPU = Release|Any CPU
		Release|x64 = Release|x64
		Release|x86 = Release|x86
	EndGlobalSection
	GlobalSection(SolutionProperties) = preSolution
		HideSolutionNode = FALSE
	EndGlobalSection
	GlobalSection(ProjectConfigurationPlatforms) = postSolution
		{89E3A560-874C-42DB-894E-7AC296C5820E}.Debug|Any CPU.ActiveCfg = Debug|Any CPU
		{89E3A560-874C-42DB-894E-7AC296C5820E}.Debug|Any CPU.Build.0 = Debug|Any CPU
		{89E3A560-874C-42DB-894E-7AC296C5820E}.Debug|x64.ActiveCfg = Debug|Any CPU
		{89E3A560-874C-42DB-894E-7AC296C5820E}.Debug|x64.Build.0 = Debug|Any CPU
		{89E3A560-874C-42DB-894E-7AC296C5820E}.Debug|x86.ActiveCfg = Debug|Any CPU
		{89E3A560-874C-42DB-894E-7AC296C5820E}.Debug|x86.Build.0 = Debug|Any CPU
		{89E3A560-874C-42DB-894E-7AC296C5820E}.Release|Any CPU.ActiveCfg = Release|Any CPU
		{89E3A560-874C-42DB-894E-7AC296C5820E}.Release|Any CPU.Build.0 = Release|Any CPU
		{89E3A560-874C-42DB-894E-7AC296C5820E}.Release|x64.ActiveCfg = Release|Any CPU
		{89E3A560-874C-42DB-894E-7AC296C5820E}.Release|x64.Build.0 = Release|Any CPU
		{89E3A560-874C-42DB-894E-7AC296C5820E}.Release|x86.ActiveCfg = Release|Any CPU
		{89E3A560-874C-42DB-894E-7AC296C5820E}.Release|x86.Build.0 = Release|Any CPU
		{7DA8D8F6-11D2-4F42-8CAA-2258ED5AD076}.Debug|Any CPU.ActiveCfg = Debug|Any CPU
		{7DA8D8F6-11D2-4F42-8CAA-2258ED5AD076}.Debug|Any CPU.Build.0 = Debug|Any CPU
		{7DA8D8F6-11D2-4F42-8CAA-2258ED5AD076}.Debug|x64.ActiveCfg = Debug|Any CPU
		{7DA8D8F6-11D2-4F42-8CAA-2258ED5AD076}.Debug|x64.Build.0 = Debug|Any CPU
		{7DA8D8F6-11D2-4F42-8CAA-2258ED5AD076}.Debug|x86.ActiveCfg = Debug|Any CPU
		{7DA8D8F6-11D2-4F42-8CAA-2258ED5AD076}.Debug|x86.Build.0 = Debug|Any CPU
		{7DA8D8F6-11D2-4F42-8CAA-2258ED5AD076}.Release|Any CPU.ActiveCfg = Release|Any CPU
		{7DA8D8F6-11D2-4F42-8CAA-2258ED5AD076}.Release|Any CPU.Build.0 = Release|Any CPU
		{7DA8D8F6-11D2-4F42-8CAA-2258ED5AD076}.Release|x64.ActiveCfg = Release|Any CPU
		{7DA8D8F6-11D2-4F42-8CAA-2258ED5AD076}.Release|x64.Build.0 = Release|Any CPU
		{7DA8D8F6-11D2-4F42-8CAA-2258ED5AD076}.Release|x86.ActiveCfg = Release|Any CPU
		{7DA8D8F6-11D2-4F42-8CAA-2258ED5AD076}.Release|x86.Build.0 = Release|Any CPU
		{AB5B1316-B342-4FE8-A97A-5B27093609D6}.Debug|Any CPU.ActiveCfg = Debug|Any CPU
		{AB5B1316-B342-4FE8-A97A-5B27093609D6}.Debug|Any CPU.Build.0 = Debug|Any CPU
		{AB5B1316-B342-4FE8-A97A-5B27093609D6}.Debug|x64.ActiveCfg = Debug|Any CPU
		{AB5B1316-B342-4FE8-A97A-5B27093609D6}.Debug|x64.Build.0 = Debug|Any CPU
		{AB5B1316-B342-4FE8-A97A-5B27093609D6}.Debug|x86.ActiveCfg = Debug|Any CPU
		{AB5B1316-B342-4FE8-A97A-5B27093609D6}.Debug|x86.Build.0 = Debug|Any CPU
		{AB5B1316-B342-4FE8-A97A-5B27093609D6}.Release|Any CPU.ActiveCfg = Release|Any CPU
		{AB5B1316-B342-4FE8-A97A-5B27093609D6}.Release|Any CPU.Build.0 = Release|Any CPU
		{AB5B1316-B342-4FE8-A97A-5B27093609D6}.Release|x64.ActiveCfg = Release|Any CPU
		{AB5B1316-B342-4FE8-A97A-5B27093609D6}.Release|x64.Build.0 = Release|Any CPU
		{AB5B1316-B342-4FE8-A97A-5B27093609D6}.Release|x86.ActiveCfg = Release|Any CPU
		{AB5B1316-B342-4FE8-A97A-5B27093609D6}.Release|x86.Build.0 = Release|Any CPU
	EndGlobalSection
EndGlobal
